// !$*UTF8*$!
{
	archiveVersion = 1;
	classes = {
	};
	objectVersion = 51;
	objects = {

/* Begin PBXBuildFile section */
		37CCE2936B8CE52D9A596A56 /* Pods_PendelParkering.framework in Frameworks */ = {isa = PBXBuildFile; fileRef = 2209C7FB629C23FA41134083 /* Pods_PendelParkering.framework */; };
		860F05E4DA02FB729A1A109F /* Pods_PendelParkeringTests.framework in Frameworks */ = {isa = PBXBuildFile; fileRef = 38395F0AAFA3597D77EC2929 /* Pods_PendelParkeringTests.framework */; };
		DFF1C9D85F10BA3B7DF80EC7 /* Pods_PendelParkeringUITests.framework in Frameworks */ = {isa = PBXBuildFile; fileRef = D4C0A8C20752D3A2999D8D42 /* Pods_PendelParkeringUITests.framework */; };
		FDC7FF6822A6857100827EAB /* ModalViewController.swift in Sources */ = {isa = PBXBuildFile; fileRef = FDC7FF6722A6857100827EAB /* ModalViewController.swift */; };
		FDCA6B73228AAE48008BB1CC /* AppDelegate.swift in Sources */ = {isa = PBXBuildFile; fileRef = FDCA6B72228AAE48008BB1CC /* AppDelegate.swift */; };
		FDCA6B75228AAE48008BB1CC /* ViewController.swift in Sources */ = {isa = PBXBuildFile; fileRef = FDCA6B74228AAE48008BB1CC /* ViewController.swift */; };
		FDCA6B78228AAE48008BB1CC /* Main.storyboard in Resources */ = {isa = PBXBuildFile; fileRef = FDCA6B76228AAE48008BB1CC /* Main.storyboard */; };
		FDCA6B7A228AAE4A008BB1CC /* Assets.xcassets in Resources */ = {isa = PBXBuildFile; fileRef = FDCA6B79228AAE4A008BB1CC /* Assets.xcassets */; };
		FDCA6B7D228AAE4A008BB1CC /* LaunchScreen.storyboard in Resources */ = {isa = PBXBuildFile; fileRef = FDCA6B7B228AAE4A008BB1CC /* LaunchScreen.storyboard */; };
		FDCA6B88228AAE4A008BB1CC /* PendelParkeringTests.swift in Sources */ = {isa = PBXBuildFile; fileRef = FDCA6B87228AAE4A008BB1CC /* PendelParkeringTests.swift */; };
		FDCA6B93228AAE4A008BB1CC /* PendelParkeringUITests.swift in Sources */ = {isa = PBXBuildFile; fileRef = FDCA6B92228AAE4A008BB1CC /* PendelParkeringUITests.swift */; };
		FDCA6BA8229278DD008BB1CC /* Models in Resources */ = {isa = PBXBuildFile; fileRef = FDCA6BA7229278DD008BB1CC /* Models */; };
		FDCA6BB02292797D008BB1CC /* Destination.swift in Sources */ = {isa = PBXBuildFile; fileRef = FDCA6BAF2292797D008BB1CC /* Destination.swift */; };
		FDCA6BB12292797D008BB1CC /* ParkingLot.swift in Sources */ = {isa = PBXBuildFile; fileRef = FDCA6BA92292797C008BB1CC /* ParkingLot.swift */; };
		FDCA6BB22292797D008BB1CC /* ParkingArea.swift in Sources */ = {isa = PBXBuildFile; fileRef = FDCA6BAB2292797C008BB1CC /* ParkingArea.swift */; };
		FDCA6BB32292797D008BB1CC /* StopArea.swift in Sources */ = {isa = PBXBuildFile; fileRef = FDCA6BAE2292797D008BB1CC /* StopArea.swift */; };
		FDCA6BB42292797D008BB1CC /* ParkingCamera.swift in Sources */ = {isa = PBXBuildFile; fileRef = FDCA6BAA2292797C008BB1CC /* ParkingCamera.swift */; };
		FDCA6BB52292797D008BB1CC /* Departure.swift in Sources */ = {isa = PBXBuildFile; fileRef = FDCA6BAD2292797D008BB1CC /* Departure.swift */; };
		FDCA6BB62292797D008BB1CC /* ParkingType.swift in Sources */ = {isa = PBXBuildFile; fileRef = FDCA6BAC2292797C008BB1CC /* ParkingType.swift */; };
		FDCA6BB82293FAF8008BB1CC /* ParkingCell.swift in Sources */ = {isa = PBXBuildFile; fileRef = FDCA6BB72293FAF8008BB1CC /* ParkingCell.swift */; };
		FDCA6BBA2295599B008BB1CC /* ParkingService.swift in Sources */ = {isa = PBXBuildFile; fileRef = FDCA6BB92295599B008BB1CC /* ParkingService.swift */; };
		FDCA6BBC2295C4D6008BB1CC /* Token.swift in Sources */ = {isa = PBXBuildFile; fileRef = FDCA6BBB2295C4D6008BB1CC /* Token.swift */; };
/* End PBXBuildFile section */

/* Begin PBXContainerItemProxy section */
		FDCA6B84228AAE4A008BB1CC /* PBXContainerItemProxy */ = {
			isa = PBXContainerItemProxy;
			containerPortal = FDCA6B67228AAE48008BB1CC /* Project object */;
			proxyType = 1;
			remoteGlobalIDString = FDCA6B6E228AAE48008BB1CC;
			remoteInfo = PendelParkering;
		};
		FDCA6B8F228AAE4A008BB1CC /* PBXContainerItemProxy */ = {
			isa = PBXContainerItemProxy;
			containerPortal = FDCA6B67228AAE48008BB1CC /* Project object */;
			proxyType = 1;
			remoteGlobalIDString = FDCA6B6E228AAE48008BB1CC;
			remoteInfo = PendelParkering;
		};
/* End PBXContainerItemProxy section */

/* Begin PBXFileReference section */
		0775F94DB5C91C44B9A6F46B /* Pods-PendelParkeringUITests.debug.xcconfig */ = {isa = PBXFileReference; includeInIndex = 1; lastKnownFileType = text.xcconfig; name = "Pods-PendelParkeringUITests.debug.xcconfig"; path = "Target Support Files/Pods-PendelParkeringUITests/Pods-PendelParkeringUITests.debug.xcconfig"; sourceTree = "<group>"; };
		2209C7FB629C23FA41134083 /* Pods_PendelParkering.framework */ = {isa = PBXFileReference; explicitFileType = wrapper.framework; includeInIndex = 0; path = Pods_PendelParkering.framework; sourceTree = BUILT_PRODUCTS_DIR; };
		38395F0AAFA3597D77EC2929 /* Pods_PendelParkeringTests.framework */ = {isa = PBXFileReference; explicitFileType = wrapper.framework; includeInIndex = 0; path = Pods_PendelParkeringTests.framework; sourceTree = BUILT_PRODUCTS_DIR; };
		4E458DBFE1BA63881A9C78B3 /* Pods-PendelParkeringUITests.release.xcconfig */ = {isa = PBXFileReference; includeInIndex = 1; lastKnownFileType = text.xcconfig; name = "Pods-PendelParkeringUITests.release.xcconfig"; path = "Target Support Files/Pods-PendelParkeringUITests/Pods-PendelParkeringUITests.release.xcconfig"; sourceTree = "<group>"; };
		9A0BA870F0A65C57C852F35E /* Pods-PendelParkering.debug.xcconfig */ = {isa = PBXFileReference; includeInIndex = 1; lastKnownFileType = text.xcconfig; name = "Pods-PendelParkering.debug.xcconfig"; path = "Target Support Files/Pods-PendelParkering/Pods-PendelParkering.debug.xcconfig"; sourceTree = "<group>"; };
		BF13FA5E647E67BE3A7567DB /* Pods-PendelParkeringTests.debug.xcconfig */ = {isa = PBXFileReference; includeInIndex = 1; lastKnownFileType = text.xcconfig; name = "Pods-PendelParkeringTests.debug.xcconfig"; path = "Target Support Files/Pods-PendelParkeringTests/Pods-PendelParkeringTests.debug.xcconfig"; sourceTree = "<group>"; };
		D4C0A8C20752D3A2999D8D42 /* Pods_PendelParkeringUITests.framework */ = {isa = PBXFileReference; explicitFileType = wrapper.framework; includeInIndex = 0; path = Pods_PendelParkeringUITests.framework; sourceTree = BUILT_PRODUCTS_DIR; };
		DD66412FE3ABDAD2857CC983 /* Pods-PendelParkering.release.xcconfig */ = {isa = PBXFileReference; includeInIndex = 1; lastKnownFileType = text.xcconfig; name = "Pods-PendelParkering.release.xcconfig"; path = "Target Support Files/Pods-PendelParkering/Pods-PendelParkering.release.xcconfig"; sourceTree = "<group>"; };
		E282578CE9B92B732A025CB0 /* Pods-PendelParkeringTests.release.xcconfig */ = {isa = PBXFileReference; includeInIndex = 1; lastKnownFileType = text.xcconfig; name = "Pods-PendelParkeringTests.release.xcconfig"; path = "Target Support Files/Pods-PendelParkeringTests/Pods-PendelParkeringTests.release.xcconfig"; sourceTree = "<group>"; };
		FDC7FF6722A6857100827EAB /* ModalViewController.swift */ = {isa = PBXFileReference; lastKnownFileType = sourcecode.swift; path = ModalViewController.swift; sourceTree = "<group>"; };
		FDCA6B6F228AAE48008BB1CC /* PendelParkering.app */ = {isa = PBXFileReference; explicitFileType = wrapper.application; includeInIndex = 0; path = PendelParkering.app; sourceTree = BUILT_PRODUCTS_DIR; };
		FDCA6B72228AAE48008BB1CC /* AppDelegate.swift */ = {isa = PBXFileReference; lastKnownFileType = sourcecode.swift; path = AppDelegate.swift; sourceTree = "<group>"; };
		FDCA6B74228AAE48008BB1CC /* ViewController.swift */ = {isa = PBXFileReference; lastKnownFileType = sourcecode.swift; path = ViewController.swift; sourceTree = "<group>"; };
		FDCA6B77228AAE48008BB1CC /* Base */ = {isa = PBXFileReference; lastKnownFileType = file.storyboard; name = Base; path = Base.lproj/Main.storyboard; sourceTree = "<group>"; };
		FDCA6B79228AAE4A008BB1CC /* Assets.xcassets */ = {isa = PBXFileReference; lastKnownFileType = folder.assetcatalog; path = Assets.xcassets; sourceTree = "<group>"; };
		FDCA6B7C228AAE4A008BB1CC /* Base */ = {isa = PBXFileReference; lastKnownFileType = file.storyboard; name = Base; path = Base.lproj/LaunchScreen.storyboard; sourceTree = "<group>"; };
		FDCA6B7E228AAE4A008BB1CC /* Info.plist */ = {isa = PBXFileReference; lastKnownFileType = text.plist.xml; path = Info.plist; sourceTree = "<group>"; };
		FDCA6B83228AAE4A008BB1CC /* PendelParkeringTests.xctest */ = {isa = PBXFileReference; explicitFileType = wrapper.cfbundle; includeInIndex = 0; path = PendelParkeringTests.xctest; sourceTree = BUILT_PRODUCTS_DIR; };
		FDCA6B87228AAE4A008BB1CC /* PendelParkeringTests.swift */ = {isa = PBXFileReference; lastKnownFileType = sourcecode.swift; path = PendelParkeringTests.swift; sourceTree = "<group>"; };
		FDCA6B89228AAE4A008BB1CC /* Info.plist */ = {isa = PBXFileReference; lastKnownFileType = text.plist.xml; path = Info.plist; sourceTree = "<group>"; };
		FDCA6B8E228AAE4A008BB1CC /* PendelParkeringUITests.xctest */ = {isa = PBXFileReference; explicitFileType = wrapper.cfbundle; includeInIndex = 0; path = PendelParkeringUITests.xctest; sourceTree = BUILT_PRODUCTS_DIR; };
		FDCA6B92228AAE4A008BB1CC /* PendelParkeringUITests.swift */ = {isa = PBXFileReference; lastKnownFileType = sourcecode.swift; path = PendelParkeringUITests.swift; sourceTree = "<group>"; };
		FDCA6B94228AAE4A008BB1CC /* Info.plist */ = {isa = PBXFileReference; lastKnownFileType = text.plist.xml; path = Info.plist; sourceTree = "<group>"; };
		FDCA6BA7229278DD008BB1CC /* Models */ = {isa = PBXFileReference; lastKnownFileType = folder; path = Models; sourceTree = "<group>"; };
		FDCA6BA92292797C008BB1CC /* ParkingLot.swift */ = {isa = PBXFileReference; lastKnownFileType = sourcecode.swift; path = ParkingLot.swift; sourceTree = "<group>"; };
		FDCA6BAA2292797C008BB1CC /* ParkingCamera.swift */ = {isa = PBXFileReference; lastKnownFileType = sourcecode.swift; path = ParkingCamera.swift; sourceTree = "<group>"; };
		FDCA6BAB2292797C008BB1CC /* ParkingArea.swift */ = {isa = PBXFileReference; lastKnownFileType = sourcecode.swift; path = ParkingArea.swift; sourceTree = "<group>"; };
		FDCA6BAC2292797C008BB1CC /* ParkingType.swift */ = {isa = PBXFileReference; lastKnownFileType = sourcecode.swift; path = ParkingType.swift; sourceTree = "<group>"; };
		FDCA6BAD2292797D008BB1CC /* Departure.swift */ = {isa = PBXFileReference; lastKnownFileType = sourcecode.swift; path = Departure.swift; sourceTree = "<group>"; };
		FDCA6BAE2292797D008BB1CC /* StopArea.swift */ = {isa = PBXFileReference; lastKnownFileType = sourcecode.swift; path = StopArea.swift; sourceTree = "<group>"; };
		FDCA6BAF2292797D008BB1CC /* Destination.swift */ = {isa = PBXFileReference; lastKnownFileType = sourcecode.swift; path = Destination.swift; sourceTree = "<group>"; };
		FDCA6BB72293FAF8008BB1CC /* ParkingCell.swift */ = {isa = PBXFileReference; lastKnownFileType = sourcecode.swift; path = ParkingCell.swift; sourceTree = "<group>"; };
		FDCA6BB92295599B008BB1CC /* ParkingService.swift */ = {isa = PBXFileReference; lastKnownFileType = sourcecode.swift; path = ParkingService.swift; sourceTree = "<group>"; };
		FDCA6BBB2295C4D6008BB1CC /* Token.swift */ = {isa = PBXFileReference; lastKnownFileType = sourcecode.swift; path = Token.swift; sourceTree = "<group>"; };
/* End PBXFileReference section */

/* Begin PBXFrameworksBuildPhase section */
		FDCA6B6C228AAE48008BB1CC /* Frameworks */ = {
			isa = PBXFrameworksBuildPhase;
			buildActionMask = 2147483647;
			files = (
				37CCE2936B8CE52D9A596A56 /* Pods_PendelParkering.framework in Frameworks */,
			);
			runOnlyForDeploymentPostprocessing = 0;
		};
		FDCA6B80228AAE4A008BB1CC /* Frameworks */ = {
			isa = PBXFrameworksBuildPhase;
			buildActionMask = 2147483647;
			files = (
				860F05E4DA02FB729A1A109F /* Pods_PendelParkeringTests.framework in Frameworks */,
			);
			runOnlyForDeploymentPostprocessing = 0;
		};
		FDCA6B8B228AAE4A008BB1CC /* Frameworks */ = {
			isa = PBXFrameworksBuildPhase;
			buildActionMask = 2147483647;
			files = (
				DFF1C9D85F10BA3B7DF80EC7 /* Pods_PendelParkeringUITests.framework in Frameworks */,
			);
			runOnlyForDeploymentPostprocessing = 0;
		};
/* End PBXFrameworksBuildPhase section */

/* Begin PBXGroup section */
		65E1C205AB1C0CC3C8C95359 /* Pods */ = {
			isa = PBXGroup;
			children = (
				9A0BA870F0A65C57C852F35E /* Pods-PendelParkering.debug.xcconfig */,
				DD66412FE3ABDAD2857CC983 /* Pods-PendelParkering.release.xcconfig */,
				BF13FA5E647E67BE3A7567DB /* Pods-PendelParkeringTests.debug.xcconfig */,
				E282578CE9B92B732A025CB0 /* Pods-PendelParkeringTests.release.xcconfig */,
				0775F94DB5C91C44B9A6F46B /* Pods-PendelParkeringUITests.debug.xcconfig */,
				4E458DBFE1BA63881A9C78B3 /* Pods-PendelParkeringUITests.release.xcconfig */,
			);
			path = Pods;
			sourceTree = "<group>";
		};
		68FD71ED17A214053188BC2A /* Frameworks */ = {
			isa = PBXGroup;
			children = (
				2209C7FB629C23FA41134083 /* Pods_PendelParkering.framework */,
				38395F0AAFA3597D77EC2929 /* Pods_PendelParkeringTests.framework */,
				D4C0A8C20752D3A2999D8D42 /* Pods_PendelParkeringUITests.framework */,
			);
			name = Frameworks;
			sourceTree = "<group>";
		};
		FDCA6B66228AAE48008BB1CC = {
			isa = PBXGroup;
			children = (
				FDCA6B71228AAE48008BB1CC /* PendelParkering */,
				FDCA6B86228AAE4A008BB1CC /* PendelParkeringTests */,
				FDCA6B91228AAE4A008BB1CC /* PendelParkeringUITests */,
				FDCA6B70228AAE48008BB1CC /* Products */,
				65E1C205AB1C0CC3C8C95359 /* Pods */,
				68FD71ED17A214053188BC2A /* Frameworks */,
			);
			sourceTree = "<group>";
		};
		FDCA6B70228AAE48008BB1CC /* Products */ = {
			isa = PBXGroup;
			children = (
				FDCA6B6F228AAE48008BB1CC /* PendelParkering.app */,
				FDCA6B83228AAE4A008BB1CC /* PendelParkeringTests.xctest */,
				FDCA6B8E228AAE4A008BB1CC /* PendelParkeringUITests.xctest */,
			);
			name = Products;
			sourceTree = "<group>";
		};
		FDCA6B71228AAE48008BB1CC /* PendelParkering */ = {
			isa = PBXGroup;
			children = (
				FDCA6BAD2292797D008BB1CC /* Departure.swift */,
				FDCA6BAF2292797D008BB1CC /* Destination.swift */,
				FDCA6BAB2292797C008BB1CC /* ParkingArea.swift */,
				FDCA6BAA2292797C008BB1CC /* ParkingCamera.swift */,
				FDCA6BA92292797C008BB1CC /* ParkingLot.swift */,
				FDCA6BAC2292797C008BB1CC /* ParkingType.swift */,
				FDCA6BAE2292797D008BB1CC /* StopArea.swift */,
				FDCA6BA7229278DD008BB1CC /* Models */,
				FDCA6B72228AAE48008BB1CC /* AppDelegate.swift */,
				FDCA6B74228AAE48008BB1CC /* ViewController.swift */,
				FDCA6B76228AAE48008BB1CC /* Main.storyboard */,
				FDCA6B79228AAE4A008BB1CC /* Assets.xcassets */,
				FDCA6B7B228AAE4A008BB1CC /* LaunchScreen.storyboard */,
				FDCA6B7E228AAE4A008BB1CC /* Info.plist */,
				FDCA6BB72293FAF8008BB1CC /* ParkingCell.swift */,
				FDCA6BB92295599B008BB1CC /* ParkingService.swift */,
				FDCA6BBB2295C4D6008BB1CC /* Token.swift */,
				FDC7FF6722A6857100827EAB /* ModalViewController.swift */,
			);
			path = PendelParkering;
			sourceTree = "<group>";
		};
		FDCA6B86228AAE4A008BB1CC /* PendelParkeringTests */ = {
			isa = PBXGroup;
			children = (
				FDCA6B87228AAE4A008BB1CC /* PendelParkeringTests.swift */,
				FDCA6B89228AAE4A008BB1CC /* Info.plist */,
			);
			path = PendelParkeringTests;
			sourceTree = "<group>";
		};
		FDCA6B91228AAE4A008BB1CC /* PendelParkeringUITests */ = {
			isa = PBXGroup;
			children = (
				FDCA6B92228AAE4A008BB1CC /* PendelParkeringUITests.swift */,
				FDCA6B94228AAE4A008BB1CC /* Info.plist */,
			);
			path = PendelParkeringUITests;
			sourceTree = "<group>";
		};
/* End PBXGroup section */

/* Begin PBXNativeTarget section */
		FDCA6B6E228AAE48008BB1CC /* PendelParkering */ = {
			isa = PBXNativeTarget;
			buildConfigurationList = FDCA6B97228AAE4A008BB1CC /* Build configuration list for PBXNativeTarget "PendelParkering" */;
			buildPhases = (
				065FB699622839C2EA108D61 /* [CP] Check Pods Manifest.lock */,
				FDCA6B6B228AAE48008BB1CC /* Sources */,
				FDCA6B6C228AAE48008BB1CC /* Frameworks */,
				FDCA6B6D228AAE48008BB1CC /* Resources */,
				93F7C36B34A66B15A02FDE7E /* [CP] Embed Pods Frameworks */,
			);
			buildRules = (
			);
			dependencies = (
			);
			name = PendelParkering;
			productName = PendelParkering;
			productReference = FDCA6B6F228AAE48008BB1CC /* PendelParkering.app */;
			productType = "com.apple.product-type.application";
		};
		FDCA6B82228AAE4A008BB1CC /* PendelParkeringTests */ = {
			isa = PBXNativeTarget;
			buildConfigurationList = FDCA6B9A228AAE4A008BB1CC /* Build configuration list for PBXNativeTarget "PendelParkeringTests" */;
			buildPhases = (
				EEFBBA2324CCDAB1D6FA2D7F /* [CP] Check Pods Manifest.lock */,
				FDCA6B7F228AAE4A008BB1CC /* Sources */,
				FDCA6B80228AAE4A008BB1CC /* Frameworks */,
				FDCA6B81228AAE4A008BB1CC /* Resources */,
			);
			buildRules = (
			);
			dependencies = (
				FDCA6B85228AAE4A008BB1CC /* PBXTargetDependency */,
			);
			name = PendelParkeringTests;
			productName = PendelParkeringTests;
			productReference = FDCA6B83228AAE4A008BB1CC /* PendelParkeringTests.xctest */;
			productType = "com.apple.product-type.bundle.unit-test";
		};
		FDCA6B8D228AAE4A008BB1CC /* PendelParkeringUITests */ = {
			isa = PBXNativeTarget;
			buildConfigurationList = FDCA6B9D228AAE4A008BB1CC /* Build configuration list for PBXNativeTarget "PendelParkeringUITests" */;
			buildPhases = (
				E7FFE4D5BE9663AA63744EB2 /* [CP] Check Pods Manifest.lock */,
				FDCA6B8A228AAE4A008BB1CC /* Sources */,
				FDCA6B8B228AAE4A008BB1CC /* Frameworks */,
				FDCA6B8C228AAE4A008BB1CC /* Resources */,
			);
			buildRules = (
			);
			dependencies = (
				FDCA6B90228AAE4A008BB1CC /* PBXTargetDependency */,
			);
			name = PendelParkeringUITests;
			productName = PendelParkeringUITests;
			productReference = FDCA6B8E228AAE4A008BB1CC /* PendelParkeringUITests.xctest */;
			productType = "com.apple.product-type.bundle.ui-testing";
		};
/* End PBXNativeTarget section */

/* Begin PBXProject section */
		FDCA6B67228AAE48008BB1CC /* Project object */ = {
			isa = PBXProject;
			attributes = {
				LastSwiftUpdateCheck = 1020;
				LastUpgradeCheck = 1020;
				ORGANIZATIONNAME = "Larsson, Henrik (94777)";
				TargetAttributes = {
					FDCA6B6E228AAE48008BB1CC = {
						CreatedOnToolsVersion = 10.2.1;
					};
					FDCA6B82228AAE4A008BB1CC = {
						CreatedOnToolsVersion = 10.2.1;
						TestTargetID = FDCA6B6E228AAE48008BB1CC;
					};
					FDCA6B8D228AAE4A008BB1CC = {
						CreatedOnToolsVersion = 10.2.1;
						TestTargetID = FDCA6B6E228AAE48008BB1CC;
					};
				};
			};
			buildConfigurationList = FDCA6B6A228AAE48008BB1CC /* Build configuration list for PBXProject "PendelParkering" */;
			compatibilityVersion = "Xcode 9.3";
			developmentRegion = en;
			hasScannedForEncodings = 0;
			knownRegions = (
				en,
				Base,
			);
			mainGroup = FDCA6B66228AAE48008BB1CC;
			productRefGroup = FDCA6B70228AAE48008BB1CC /* Products */;
			projectDirPath = "";
			projectRoot = "";
			targets = (
				FDCA6B6E228AAE48008BB1CC /* PendelParkering */,
				FDCA6B82228AAE4A008BB1CC /* PendelParkeringTests */,
				FDCA6B8D228AAE4A008BB1CC /* PendelParkeringUITests */,
			);
		};
/* End PBXProject section */

/* Begin PBXResourcesBuildPhase section */
		FDCA6B6D228AAE48008BB1CC /* Resources */ = {
			isa = PBXResourcesBuildPhase;
			buildActionMask = 2147483647;
			files = (
				FDCA6B7D228AAE4A008BB1CC /* LaunchScreen.storyboard in Resources */,
				FDCA6B7A228AAE4A008BB1CC /* Assets.xcassets in Resources */,
				FDCA6BA8229278DD008BB1CC /* Models in Resources */,
				FDCA6B78228AAE48008BB1CC /* Main.storyboard in Resources */,
			);
			runOnlyForDeploymentPostprocessing = 0;
		};
		FDCA6B81228AAE4A008BB1CC /* Resources */ = {
			isa = PBXResourcesBuildPhase;
			buildActionMask = 2147483647;
			files = (
			);
			runOnlyForDeploymentPostprocessing = 0;
		};
		FDCA6B8C228AAE4A008BB1CC /* Resources */ = {
			isa = PBXResourcesBuildPhase;
			buildActionMask = 2147483647;
			files = (
			);
			runOnlyForDeploymentPostprocessing = 0;
		};
/* End PBXResourcesBuildPhase section */

/* Begin PBXShellScriptBuildPhase section */
		065FB699622839C2EA108D61 /* [CP] Check Pods Manifest.lock */ = {
			isa = PBXShellScriptBuildPhase;
			buildActionMask = 2147483647;
			files = (
			);
			inputFileListPaths = (
			);
			inputPaths = (
				"${PODS_PODFILE_DIR_PATH}/Podfile.lock",
				"${PODS_ROOT}/Manifest.lock",
			);
			name = "[CP] Check Pods Manifest.lock";
			outputFileListPaths = (
			);
			outputPaths = (
				"$(DERIVED_FILE_DIR)/Pods-PendelParkering-checkManifestLockResult.txt",
			);
			runOnlyForDeploymentPostprocessing = 0;
			shellPath = /bin/sh;
			shellScript = "diff \"${PODS_PODFILE_DIR_PATH}/Podfile.lock\" \"${PODS_ROOT}/Manifest.lock\" > /dev/null\nif [ $? != 0 ] ; then\n    # print error to STDERR\n    echo \"error: The sandbox is not in sync with the Podfile.lock. Run 'pod install' or update your CocoaPods installation.\" >&2\n    exit 1\nfi\n# This output is used by Xcode 'outputs' to avoid re-running this script phase.\necho \"SUCCESS\" > \"${SCRIPT_OUTPUT_FILE_0}\"\n";
			showEnvVarsInLog = 0;
		};
		93F7C36B34A66B15A02FDE7E /* [CP] Embed Pods Frameworks */ = {
			isa = PBXShellScriptBuildPhase;
			buildActionMask = 2147483647;
			files = (
			);
			inputFileListPaths = (
				"${PODS_ROOT}/Target Support Files/Pods-PendelParkering/Pods-PendelParkering-frameworks-${CONFIGURATION}-input-files.xcfilelist",
			);
			name = "[CP] Embed Pods Frameworks";
			outputFileListPaths = (
				"${PODS_ROOT}/Target Support Files/Pods-PendelParkering/Pods-PendelParkering-frameworks-${CONFIGURATION}-output-files.xcfilelist",
			);
			runOnlyForDeploymentPostprocessing = 0;
			shellPath = /bin/sh;
			shellScript = "\"${PODS_ROOT}/Target Support Files/Pods-PendelParkering/Pods-PendelParkering-frameworks.sh\"\n";
			showEnvVarsInLog = 0;
		};
		E7FFE4D5BE9663AA63744EB2 /* [CP] Check Pods Manifest.lock */ = {
			isa = PBXShellScriptBuildPhase;
			buildActionMask = 2147483647;
			files = (
			);
			inputFileListPaths = (
			);
			inputPaths = (
				"${PODS_PODFILE_DIR_PATH}/Podfile.lock",
				"${PODS_ROOT}/Manifest.lock",
			);
			name = "[CP] Check Pods Manifest.lock";
			outputFileListPaths = (
			);
			outputPaths = (
				"$(DERIVED_FILE_DIR)/Pods-PendelParkeringUITests-checkManifestLockResult.txt",
			);
			runOnlyForDeploymentPostprocessing = 0;
			shellPath = /bin/sh;
			shellScript = "diff \"${PODS_PODFILE_DIR_PATH}/Podfile.lock\" \"${PODS_ROOT}/Manifest.lock\" > /dev/null\nif [ $? != 0 ] ; then\n    # print error to STDERR\n    echo \"error: The sandbox is not in sync with the Podfile.lock. Run 'pod install' or update your CocoaPods installation.\" >&2\n    exit 1\nfi\n# This output is used by Xcode 'outputs' to avoid re-running this script phase.\necho \"SUCCESS\" > \"${SCRIPT_OUTPUT_FILE_0}\"\n";
			showEnvVarsInLog = 0;
		};
		EEFBBA2324CCDAB1D6FA2D7F /* [CP] Check Pods Manifest.lock */ = {
			isa = PBXShellScriptBuildPhase;
			buildActionMask = 2147483647;
			files = (
			);
			inputFileListPaths = (
			);
			inputPaths = (
				"${PODS_PODFILE_DIR_PATH}/Podfile.lock",
				"${PODS_ROOT}/Manifest.lock",
			);
			name = "[CP] Check Pods Manifest.lock";
			outputFileListPaths = (
			);
			outputPaths = (
				"$(DERIVED_FILE_DIR)/Pods-PendelParkeringTests-checkManifestLockResult.txt",
			);
			runOnlyForDeploymentPostprocessing = 0;
			shellPath = /bin/sh;
			shellScript = "diff \"${PODS_PODFILE_DIR_PATH}/Podfile.lock\" \"${PODS_ROOT}/Manifest.lock\" > /dev/null\nif [ $? != 0 ] ; then\n    # print error to STDERR\n    echo \"error: The sandbox is not in sync with the Podfile.lock. Run 'pod install' or update your CocoaPods installation.\" >&2\n    exit 1\nfi\n# This output is used by Xcode 'outputs' to avoid re-running this script phase.\necho \"SUCCESS\" > \"${SCRIPT_OUTPUT_FILE_0}\"\n";
			showEnvVarsInLog = 0;
		};
/* End PBXShellScriptBuildPhase section */

/* Begin PBXSourcesBuildPhase section */
		FDCA6B6B228AAE48008BB1CC /* Sources */ = {
			isa = PBXSourcesBuildPhase;
			buildActionMask = 2147483647;
			files = (
				FDCA6BBA2295599B008BB1CC /* ParkingService.swift in Sources */,
				FDCA6BB32292797D008BB1CC /* StopArea.swift in Sources */,
				FDCA6B75228AAE48008BB1CC /* ViewController.swift in Sources */,
				FDCA6BBC2295C4D6008BB1CC /* Token.swift in Sources */,
				FDCA6BB62292797D008BB1CC /* ParkingType.swift in Sources */,
				FDCA6B73228AAE48008BB1CC /* AppDelegate.swift in Sources */,
				FDCA6BB82293FAF8008BB1CC /* ParkingCell.swift in Sources */,
				FDCA6BB42292797D008BB1CC /* ParkingCamera.swift in Sources */,
				FDCA6BB12292797D008BB1CC /* ParkingLot.swift in Sources */,
				FDC7FF6822A6857100827EAB /* ModalViewController.swift in Sources */,
				FDCA6BB22292797D008BB1CC /* ParkingArea.swift in Sources */,
				FDCA6BB52292797D008BB1CC /* Departure.swift in Sources */,
				FDCA6BB02292797D008BB1CC /* Destination.swift in Sources */,
			);
			runOnlyForDeploymentPostprocessing = 0;
		};
		FDCA6B7F228AAE4A008BB1CC /* Sources */ = {
			isa = PBXSourcesBuildPhase;
			buildActionMask = 2147483647;
			files = (
				FDCA6B88228AAE4A008BB1CC /* PendelParkeringTests.swift in Sources */,
			);
			runOnlyForDeploymentPostprocessing = 0;
		};
		FDCA6B8A228AAE4A008BB1CC /* Sources */ = {
			isa = PBXSourcesBuildPhase;
			buildActionMask = 2147483647;
			files = (
				FDCA6B93228AAE4A008BB1CC /* PendelParkeringUITests.swift in Sources */,
			);
			runOnlyForDeploymentPostprocessing = 0;
		};
/* End PBXSourcesBuildPhase section */

/* Begin PBXTargetDependency section */
		FDCA6B85228AAE4A008BB1CC /* PBXTargetDependency */ = {
			isa = PBXTargetDependency;
			target = FDCA6B6E228AAE48008BB1CC /* PendelParkering */;
			targetProxy = FDCA6B84228AAE4A008BB1CC /* PBXContainerItemProxy */;
		};
		FDCA6B90228AAE4A008BB1CC /* PBXTargetDependency */ = {
			isa = PBXTargetDependency;
			target = FDCA6B6E228AAE48008BB1CC /* PendelParkering */;
			targetProxy = FDCA6B8F228AAE4A008BB1CC /* PBXContainerItemProxy */;
		};
/* End PBXTargetDependency section */

/* Begin PBXVariantGroup section */
		FDCA6B76228AAE48008BB1CC /* Main.storyboard */ = {
			isa = PBXVariantGroup;
			children = (
				FDCA6B77228AAE48008BB1CC /* Base */,
			);
			name = Main.storyboard;
			sourceTree = "<group>";
		};
		FDCA6B7B228AAE4A008BB1CC /* LaunchScreen.storyboard */ = {
			isa = PBXVariantGroup;
			children = (
				FDCA6B7C228AAE4A008BB1CC /* Base */,
			);
			name = LaunchScreen.storyboard;
			sourceTree = "<group>";
		};
/* End PBXVariantGroup section */

/* Begin XCBuildConfiguration section */
		FDCA6B95228AAE4A008BB1CC /* Debug */ = {
			isa = XCBuildConfiguration;
			buildSettings = {
				ALWAYS_SEARCH_USER_PATHS = NO;
				CLANG_ANALYZER_NONNULL = YES;
				CLANG_ANALYZER_NUMBER_OBJECT_CONVERSION = YES_AGGRESSIVE;
				CLANG_CXX_LANGUAGE_STANDARD = "gnu++14";
				CLANG_CXX_LIBRARY = "libc++";
				CLANG_ENABLE_MODULES = YES;
				CLANG_ENABLE_OBJC_ARC = YES;
				CLANG_ENABLE_OBJC_WEAK = YES;
				CLANG_WARN_BLOCK_CAPTURE_AUTORELEASING = YES;
				CLANG_WARN_BOOL_CONVERSION = YES;
				CLANG_WARN_COMMA = YES;
				CLANG_WARN_CONSTANT_CONVERSION = YES;
				CLANG_WARN_DEPRECATED_OBJC_IMPLEMENTATIONS = YES;
				CLANG_WARN_DIRECT_OBJC_ISA_USAGE = YES_ERROR;
				CLANG_WARN_DOCUMENTATION_COMMENTS = YES;
				CLANG_WARN_EMPTY_BODY = YES;
				CLANG_WARN_ENUM_CONVERSION = YES;
				CLANG_WARN_INFINITE_RECURSION = YES;
				CLANG_WARN_INT_CONVERSION = YES;
				CLANG_WARN_NON_LITERAL_NULL_CONVERSION = YES;
				CLANG_WARN_OBJC_IMPLICIT_RETAIN_SELF = YES;
				CLANG_WARN_OBJC_LITERAL_CONVERSION = YES;
				CLANG_WARN_OBJC_ROOT_CLASS = YES_ERROR;
				CLANG_WARN_RANGE_LOOP_ANALYSIS = YES;
				CLANG_WARN_STRICT_PROTOTYPES = YES;
				CLANG_WARN_SUSPICIOUS_MOVE = YES;
				CLANG_WARN_UNGUARDED_AVAILABILITY = YES_AGGRESSIVE;
				CLANG_WARN_UNREACHABLE_CODE = YES;
				CLANG_WARN__DUPLICATE_METHOD_MATCH = YES;
				CODE_SIGN_IDENTITY = "iPhone Developer";
				COPY_PHASE_STRIP = NO;
				DEBUG_INFORMATION_FORMAT = dwarf;
				ENABLE_STRICT_OBJC_MSGSEND = YES;
				ENABLE_TESTABILITY = YES;
				GCC_C_LANGUAGE_STANDARD = gnu11;
				GCC_DYNAMIC_NO_PIC = NO;
				GCC_NO_COMMON_BLOCKS = YES;
				GCC_OPTIMIZATION_LEVEL = 0;
				GCC_PREPROCESSOR_DEFINITIONS = (
					"DEBUG=1",
					"$(inherited)",
				);
				GCC_WARN_64_TO_32_BIT_CONVERSION = YES;
				GCC_WARN_ABOUT_RETURN_TYPE = YES_ERROR;
				GCC_WARN_UNDECLARED_SELECTOR = YES;
				GCC_WARN_UNINITIALIZED_AUTOS = YES_AGGRESSIVE;
				GCC_WARN_UNUSED_FUNCTION = YES;
				GCC_WARN_UNUSED_VARIABLE = YES;
				IPHONEOS_DEPLOYMENT_TARGET = 12.2;
				MTL_ENABLE_DEBUG_INFO = INCLUDE_SOURCE;
				MTL_FAST_MATH = YES;
				ONLY_ACTIVE_ARCH = YES;
				SDKROOT = iphoneos;
				SWIFT_ACTIVE_COMPILATION_CONDITIONS = DEBUG;
				SWIFT_OPTIMIZATION_LEVEL = "-Onone";
			};
			name = Debug;
		};
		FDCA6B96228AAE4A008BB1CC /* Release */ = {
			isa = XCBuildConfiguration;
			buildSettings = {
				ALWAYS_SEARCH_USER_PATHS = NO;
				CLANG_ANALYZER_NONNULL = YES;
				CLANG_ANALYZER_NUMBER_OBJECT_CONVERSION = YES_AGGRESSIVE;
				CLANG_CXX_LANGUAGE_STANDARD = "gnu++14";
				CLANG_CXX_LIBRARY = "libc++";
				CLANG_ENABLE_MODULES = YES;
				CLANG_ENABLE_OBJC_ARC = YES;
				CLANG_ENABLE_OBJC_WEAK = YES;
				CLANG_WARN_BLOCK_CAPTURE_AUTORELEASING = YES;
				CLANG_WARN_BOOL_CONVERSION = YES;
				CLANG_WARN_COMMA = YES;
				CLANG_WARN_CONSTANT_CONVERSION = YES;
				CLANG_WARN_DEPRECATED_OBJC_IMPLEMENTATIONS = YES;
				CLANG_WARN_DIRECT_OBJC_ISA_USAGE = YES_ERROR;
				CLANG_WARN_DOCUMENTATION_COMMENTS = YES;
				CLANG_WARN_EMPTY_BODY = YES;
				CLANG_WARN_ENUM_CONVERSION = YES;
				CLANG_WARN_INFINITE_RECURSION = YES;
				CLANG_WARN_INT_CONVERSION = YES;
				CLANG_WARN_NON_LITERAL_NULL_CONVERSION = YES;
				CLANG_WARN_OBJC_IMPLICIT_RETAIN_SELF = YES;
				CLANG_WARN_OBJC_LITERAL_CONVERSION = YES;
				CLANG_WARN_OBJC_ROOT_CLASS = YES_ERROR;
				CLANG_WARN_RANGE_LOOP_ANALYSIS = YES;
				CLANG_WARN_STRICT_PROTOTYPES = YES;
				CLANG_WARN_SUSPICIOUS_MOVE = YES;
				CLANG_WARN_UNGUARDED_AVAILABILITY = YES_AGGRESSIVE;
				CLANG_WARN_UNREACHABLE_CODE = YES;
				CLANG_WARN__DUPLICATE_METHOD_MATCH = YES;
				CODE_SIGN_IDENTITY = "iPhone Developer";
				COPY_PHASE_STRIP = NO;
				DEBUG_INFORMATION_FORMAT = "dwarf-with-dsym";
				ENABLE_NS_ASSERTIONS = NO;
				ENABLE_STRICT_OBJC_MSGSEND = YES;
				GCC_C_LANGUAGE_STANDARD = gnu11;
				GCC_NO_COMMON_BLOCKS = YES;
				GCC_WARN_64_TO_32_BIT_CONVERSION = YES;
				GCC_WARN_ABOUT_RETURN_TYPE = YES_ERROR;
				GCC_WARN_UNDECLARED_SELECTOR = YES;
				GCC_WARN_UNINITIALIZED_AUTOS = YES_AGGRESSIVE;
				GCC_WARN_UNUSED_FUNCTION = YES;
				GCC_WARN_UNUSED_VARIABLE = YES;
				IPHONEOS_DEPLOYMENT_TARGET = 12.2;
				MTL_ENABLE_DEBUG_INFO = NO;
				MTL_FAST_MATH = YES;
				SDKROOT = iphoneos;
				SWIFT_COMPILATION_MODE = wholemodule;
				SWIFT_OPTIMIZATION_LEVEL = "-O";
				VALIDATE_PRODUCT = YES;
			};
			name = Release;
		};
		FDCA6B98228AAE4A008BB1CC /* Debug */ = {
			isa = XCBuildConfiguration;
			baseConfigurationReference = 9A0BA870F0A65C57C852F35E /* Pods-PendelParkering.debug.xcconfig */;
			buildSettings = {
				ASSETCATALOG_COMPILER_APPICON_NAME = AppIcon;
				CODE_SIGN_STYLE = Automatic;
				DEVELOPMENT_TEAM = 9N3G44L4KU;
				INFOPLIST_FILE = PendelParkering/Info.plist;
				LD_RUNPATH_SEARCH_PATHS = (
					"$(inherited)",
					"@executable_path/Frameworks",
				);
				PRODUCT_BUNDLE_IDENTIFIER = h.larsson.PendelParkering;
				PRODUCT_NAME = "$(TARGET_NAME)";
				SWIFT_VERSION = 5.0;
				TARGETED_DEVICE_FAMILY = "1,2";
			};
			name = Debug;
		};
		FDCA6B99228AAE4A008BB1CC /* Release */ = {
			isa = XCBuildConfiguration;
			baseConfigurationReference = DD66412FE3ABDAD2857CC983 /* Pods-PendelParkering.release.xcconfig */;
			buildSettings = {
				ASSETCATALOG_COMPILER_APPICON_NAME = AppIcon;
				CODE_SIGN_STYLE = Automatic;
				DEVELOPMENT_TEAM = 9N3G44L4KU;
				INFOPLIST_FILE = PendelParkering/Info.plist;
				LD_RUNPATH_SEARCH_PATHS = (
					"$(inherited)",
					"@executable_path/Frameworks",
				);
				PRODUCT_BUNDLE_IDENTIFIER = h.larsson.PendelParkering;
				PRODUCT_NAME = "$(TARGET_NAME)";
				SWIFT_VERSION = 5.0;
				TARGETED_DEVICE_FAMILY = "1,2";
			};
			name = Release;
		};
		FDCA6B9B228AAE4A008BB1CC /* Debug */ = {
			isa = XCBuildConfiguration;
			baseConfigurationReference = BF13FA5E647E67BE3A7567DB /* Pods-PendelParkeringTests.debug.xcconfig */;
			buildSettings = {
				ALWAYS_EMBED_SWIFT_STANDARD_LIBRARIES = YES;
				BUNDLE_LOADER = "$(TEST_HOST)";
				CODE_SIGN_STYLE = Automatic;
				DEVELOPMENT_TEAM = A482L85MXT;
				INFOPLIST_FILE = PendelParkeringTests/Info.plist;
				LD_RUNPATH_SEARCH_PATHS = (
					"$(inherited)",
					"@executable_path/Frameworks",
					"@loader_path/Frameworks",
				);
				PRODUCT_BUNDLE_IDENTIFIER = h.larsson.PendelParkeringTests;
				PRODUCT_NAME = "$(TARGET_NAME)";
				SWIFT_VERSION = 5.0;
				TARGETED_DEVICE_FAMILY = "1,2";
				TEST_HOST = "$(BUILT_PRODUCTS_DIR)/PendelParkering.app/PendelParkering";
			};
			name = Debug;
		};
		FDCA6B9C228AAE4A008BB1CC /* Release */ = {
			isa = XCBuildConfiguration;
			baseConfigurationReference = E282578CE9B92B732A025CB0 /* Pods-PendelParkeringTests.release.xcconfig */;
			buildSettings = {
				ALWAYS_EMBED_SWIFT_STANDARD_LIBRARIES = YES;
				BUNDLE_LOADER = "$(TEST_HOST)";
				CODE_SIGN_STYLE = Automatic;
				DEVELOPMENT_TEAM = A482L85MXT;
				INFOPLIST_FILE = PendelParkeringTests/Info.plist;
				LD_RUNPATH_SEARCH_PATHS = (
					"$(inherited)",
					"@executable_path/Frameworks",
					"@loader_path/Frameworks",
				);
				PRODUCT_BUNDLE_IDENTIFIER = h.larsson.PendelParkeringTests;
				PRODUCT_NAME = "$(TARGET_NAME)";
				SWIFT_VERSION = 5.0;
				TARGETED_DEVICE_FAMILY = "1,2";
				TEST_HOST = "$(BUILT_PRODUCTS_DIR)/PendelParkering.app/PendelParkering";
			};
			name = Release;
		};
		FDCA6B9E228AAE4A008BB1CC /* Debug */ = {
			isa = XCBuildConfiguration;
			baseConfigurationReference = 0775F94DB5C91C44B9A6F46B /* Pods-PendelParkeringUITests.debug.xcconfig */;
			buildSettings = {
				ALWAYS_EMBED_SWIFT_STANDARD_LIBRARIES = YES;
				CODE_SIGN_STYLE = Automatic;
				DEVELOPMENT_TEAM = A482L85MXT;
				INFOPLIST_FILE = PendelParkeringUITests/Info.plist;
				LD_RUNPATH_SEARCH_PATHS = (
					"$(inherited)",
					"@executable_path/Frameworks",
					"@loader_path/Frameworks",
				);
				PRODUCT_BUNDLE_IDENTIFIER = h.larsson.PendelParkeringUITests;
				PRODUCT_NAME = "$(TARGET_NAME)";
				SWIFT_VERSION = 5.0;
				TARGETED_DEVICE_FAMILY = "1,2";
				TEST_TARGET_NAME = PendelParkering;
			};
			name = Debug;
		};
		FDCA6B9F228AAE4A008BB1CC /* Release */ = {
			isa = XCBuildConfiguration;
			baseConfigurationReference = 4E458DBFE1BA63881A9C78B3 /* Pods-PendelParkeringUITests.release.xcconfig */;
			buildSettings = {
				ALWAYS_EMBED_SWIFT_STANDARD_LIBRARIES = YES;
				CODE_SIGN_STYLE = Automatic;
				DEVELOPMENT_TEAM = A482L85MXT;
				INFOPLIST_FILE = PendelParkeringUITests/Info.plist;
				LD_RUNPATH_SEARCH_PATHS = (
					"$(inherited)",
					"@executable_path/Frameworks",
					"@loader_path/Frameworks",
				);
				PRODUCT_BUNDLE_IDENTIFIER = h.larsson.PendelParkeringUITests;
				PRODUCT_NAME = "$(TARGET_NAME)";
				SWIFT_VERSION = 5.0;
				TARGETED_DEVICE_FAMILY = "1,2";
				TEST_TARGET_NAME = PendelParkering;
			};
			name = Release;
		};
/* End XCBuildConfiguration section */

/* Begin XCConfigurationList section */
		FDCA6B6A228AAE48008BB1CC /* Build configuration list for PBXProject "PendelParkering" */ = {
			isa = XCConfigurationList;
			buildConfigurations = (
				FDCA6B95228AAE4A008BB1CC /* Debug */,
				FDCA6B96228AAE4A008BB1CC /* Release */,
			);
			defaultConfigurationIsVisible = 0;
			defaultConfigurationName = Release;
		};
		FDCA6B97228AAE4A008BB1CC /* Build configuration list for PBXNativeTarget "PendelParkering" */ = {
			isa = XCConfigurationList;
			buildConfigurations = (
				FDCA6B98228AAE4A008BB1CC /* Debug */,
				FDCA6B99228AAE4A008BB1CC /* Release */,
			);
			defaultConfigurationIsVisible = 0;
			defaultConfigurationName = Release;
		};
		FDCA6B9A228AAE4A008BB1CC /* Build configuration list for PBXNativeTarget "PendelParkeringTests" */ = {
			isa = XCConfigurationList;
			buildConfigurations = (
				FDCA6B9B228AAE4A008BB1CC /* Debug */,
				FDCA6B9C228AAE4A008BB1CC /* Release */,
			);
			defaultConfigurationIsVisible = 0;
			defaultConfigurationName = Release;
		};
		FDCA6B9D228AAE4A008BB1CC /* Build configuration list for PBXNativeTarget "PendelParkeringUITests" */ = {
			isa = XCConfigurationList;
			buildConfigurations = (
				FDCA6B9E228AAE4A008BB1CC /* Debug */,
				FDCA6B9F228AAE4A008BB1CC /* Release */,
			);
			defaultConfigurationIsVisible = 0;
			defaultConfigurationName = Release;
		};
/* End XCConfigurationList section */
	};
	rootObject = FDCA6B67228AAE48008BB1CC /* Project object */;
}
